github.com/schwartzm/gomodlib v0.0.0-20191124161658-d429ae69634b h1:cTb4XEPEtMHzWdyuOfQyoX/Q2fp+6Hhhy5JQpNZv53U=
github.com/schwartzm/gomodlib v0.0.0-20191124161658-d429ae69634b/go.mod h1:n5+dPJs9yWnvWsSkukR6eCUU8QoM5YxitQznfROj5iQ=
github.com/schwartzm/gomodlib v0.0.0-20191124164939-f49167072748 h1:p77dXpQO+dUi7NGLUKIdayXHNrNQRhBLwTJv9r6r5hI=
github.com/schwartzm/gomodlib v0.0.0-20191124164939-f49167072748/go.mod h1:n5+dPJs9yWnvWsSkukR6eCUU8QoM5YxitQznfROj5iQ=
github.com/schwartzm/gomodlib v0.2.0 h1:PD9xIFORJ+GMHAd+U7bf9Axg2Pu0Ife5FnmW07lq+Ks=
github.com/schwartzm/gomodlib v0.2.0/go.mod h1:n5+dPJs9yWnvWsSkukR6eCUU8QoM5YxitQznfROj5iQ=
github.com/schwartzm/gomodlib v0.3.0 h1:36cSQvG83Ym+rAwUhjJwjizkuJTtDEB+U99Nqd4kj6c=
github.com/schwartzm/gomodlib v0.3.0/go.mod h1:n5+dPJs9yWnvWsSkukR6eCUU8QoM5YxitQznfROj5iQ=
github.com/schwartzm/gomodlib v0.4.0 h1:tSYebE4yVOh+dCd349CVgk4pn2YaXREkrNF18Bo4Tis=
github.com/schwartzm/gomodlib v0.4.0/go.mod h1:n5+dPJs9yWnvWsSkukR6eCUU8QoM5YxitQznfROj5iQ=
github.com/schwartzm/gomodlib v0.4.2 h1:U85/rlaH3fbZg+g2AjevFWvXebZ3d91O66XLPqARmrc=
github.com/schwartzm/gomodlib v0.4.2/go.mod h1:n5+dPJs9yWnvWsSkukR6eCUU8QoM5YxitQznfROj5iQ=
golang.org/x/text v0.0.0-20170915032832-14c0d48ead0c h1:qgOY6WgZOaTkIIMiVjBQcw93ERBE4m30iBm00nkL0i8=
golang.org/x/text v0.0.0-20170915032832-14c0d48ead0c/go.mod h1:NqM8EUOU14njkJ3fqMW+pc6Ldnwhi/IjpwHt7yyuwOQ=
rsc.io/quote v1.5.2 h1:w5fcysjrx7yqtD/aO+QwRjYZOKnaM9Uh2b40tElTs3Y=
rsc.io/quote v1.5.2/go.mod h1:LzX7hefJvL54yjefDEDHNONDjII0t9xZLPXsUe+TKr0=
rsc.io/sampler v1.3.0 h1:7uVkIFmeBqHfdjD+gZwtXXI+RODJ2Wc4O7MPEh/QiW4=
rsc.io/sampler v1.3.0/go.mod h1:T1hPZKmBbMNahiBKFy5HrXp6adAjACjK9JXDnKaTXpA=
